
Microsoft Visual Studio Solution File, Format Version 12.00
# Visual Studio Version 17
VisualStudioVersion = 17.7.34031.279
MinimumVisualStudioVersion = 10.0.40219.1
Project("{2150E333-8FDC-42A3-9474-1A3956D46DE8}") = "Task1", "Task1", "{A514E63C-8801-429A-9048-8E5E2D466FA9}"
EndProject
Project("{FAE04EC0-301F-11D3-BF4B-00C04F79EFBC}") = "Tyuiu.SmirnovMN.Sprint6.Task1.V17", "Tyuiu.SmirnovMN.Sprint6.Task1.V17\Tyuiu.SmirnovMN.Sprint6.Task1.V17.csproj", "{B153D273-83D4-4814-A6B8-B9BDFF899A69}"
EndProject
Project("{FAE04EC0-301F-11D3-BF4B-00C04F79EFBC}") = "Tyuiu.SmirnovMN.Sprint6.Task1.V17.Lib", "Tyuiu.SmirnovMN.Sprint6.Task1.V17.Lib\Tyuiu.SmirnovMN.Sprint6.Task1.V17.Lib.csproj", "{204ED1AB-4EA5-450D-9BD5-68E2F51A3E22}"
EndProject
Project("{FAE04EC0-301F-11D3-BF4B-00C04F79EFBC}") = "Tyuiu.SmirnovMN.Sprint6.Task1.V17.Test", "Tyuiu.SmirnovMN.Sprint6.Task1.V17.Test\Tyuiu.SmirnovMN.Sprint6.Task1.V17.Test.csproj", "{44BAEF77-A1FB-4301-B22C-8654C5EB9B05}"
EndProject
Project("{2150E333-8FDC-42A3-9474-1A3956D46DE8}") = "Task2", "Task2", "{89FF85C7-A1EA-4738-A7E3-45489C427C42}"
EndProject
Project("{FAE04EC0-301F-11D3-BF4B-00C04F79EFBC}") = "Tyuiu.SmirnovMN.Sprint6.Task2.V10", "Tyuiu.SmirnovMN.Sprint6.Task2.V10\Tyuiu.SmirnovMN.Sprint6.Task2.V10.csproj", "{7C2EFE05-D0C1-4950-887B-BA41582E8CA4}"
EndProject
Project("{FAE04EC0-301F-11D3-BF4B-00C04F79EFBC}") = "Tyuiu.SmirnovMN.Sprint6.Task2.V10.Lib", "Tyuiu.SmirnovMN.Sprint6.Task2.V10.Lib\Tyuiu.SmirnovMN.Sprint6.Task2.V10.Lib.csproj", "{C079A9FB-9780-463D-919B-0E807E18E407}"
EndProject
Project("{FAE04EC0-301F-11D3-BF4B-00C04F79EFBC}") = "Tyuiu.SmirnovMN.Sprint6.Task2.V10.Test", "Tyuiu.SmirnovMN.Sprint6.Task2.V10.Test\Tyuiu.SmirnovMN.Sprint6.Task2.V10.Test.csproj", "{45F6E528-6863-4680-8B18-4A562DF2D9CD}"
EndProject
Project("{2150E333-8FDC-42A3-9474-1A3956D46DE8}") = "Task3", "Task3", "{EC3E42E1-5BDC-4026-82D0-0FDFA39F2595}"
EndProject
Project("{FAE04EC0-301F-11D3-BF4B-00C04F79EFBC}") = "Tyuiu.SmirnovMN.Sprint6.Task3.V25", "Tyuiu.SmirnovMN.Sprint6.Task3.V25\Tyuiu.SmirnovMN.Sprint6.Task3.V25.csproj", "{7039FCA1-7EF6-4CDF-AA19-A92147381B46}"
EndProject
Project("{FAE04EC0-301F-11D3-BF4B-00C04F79EFBC}") = "Tyuiu.SmirnovMN.Sprint6.Task3.V25.Test", "Tyuiu.SmirnovMN.Sprint6.Task3.V25.Test\Tyuiu.SmirnovMN.Sprint6.Task3.V25.Test.csproj", "{30331F9C-CBF8-4D01-BB6A-5956EE8BCD9E}"
EndProject
Project("{FAE04EC0-301F-11D3-BF4B-00C04F79EFBC}") = "Tyuiu.SmirnovMN.Sprint6.Task3.V25.Lib", "Tyuiu.SmirnovMN.Sprint6.Task3.V25.Lib\Tyuiu.SmirnovMN.Sprint6.Task3.V25.Lib.csproj", "{A895387F-BE0D-47A5-92A3-609BB059587E}"
EndProject
Project("{2150E333-8FDC-42A3-9474-1A3956D46DE8}") = "Task0", "Task0", "{AA14F983-9749-46E4-BEE4-C1000949BA44}"
EndProject
Project("{FAE04EC0-301F-11D3-BF4B-00C04F79EFBC}") = "Tyuiu.SmirnovMN.Sprint6.Task0.V22", "Tyuiu.SmirnovMN.Sprint6.Task0.V22\Tyuiu.SmirnovMN.Sprint6.Task0.V22.csproj", "{D36F3E83-081A-4699-A53B-81BF3DA33B15}"
EndProject
Project("{FAE04EC0-301F-11D3-BF4B-00C04F79EFBC}") = "Tyuiu.SmirnovMN.Sprint6.Task0.V22.Test", "Tyuiu.SmirnovMN.Sprint6.Task0.V22.Test\Tyuiu.SmirnovMN.Sprint6.Task0.V22.Test.csproj", "{4D103C0F-F0D8-42F6-9A18-E59F8060B5E5}"
EndProject
Project("{FAE04EC0-301F-11D3-BF4B-00C04F79EFBC}") = "Tyuiu.SmirnovMN.Sprint6.Task0.V22.Lib", "Tyuiu.SmirnovMN.Sprint6.Task0.V22.Lib\Tyuiu.SmirnovMN.Sprint6.Task0.V22.Lib.csproj", "{ECE0056C-11DB-4BA6-B963-39DA62201527}"
EndProject
Global
	GlobalSection(SolutionConfigurationPlatforms) = preSolution
		Debug|Any CPU = Debug|Any CPU
		Release|Any CPU = Release|Any CPU
	EndGlobalSection
	GlobalSection(ProjectConfigurationPlatforms) = postSolution
		{B153D273-83D4-4814-A6B8-B9BDFF899A69}.Debug|Any CPU.ActiveCfg = Debug|Any CPU
		{B153D273-83D4-4814-A6B8-B9BDFF899A69}.Debug|Any CPU.Build.0 = Debug|Any CPU
		{B153D273-83D4-4814-A6B8-B9BDFF899A69}.Release|Any CPU.ActiveCfg = Release|Any CPU
		{B153D273-83D4-4814-A6B8-B9BDFF899A69}.Release|Any CPU.Build.0 = Release|Any CPU
		{204ED1AB-4EA5-450D-9BD5-68E2F51A3E22}.Debug|Any CPU.ActiveCfg = Debug|Any CPU
		{204ED1AB-4EA5-450D-9BD5-68E2F51A3E22}.Debug|Any CPU.Build.0 = Debug|Any CPU
		{204ED1AB-4EA5-450D-9BD5-68E2F51A3E22}.Release|Any CPU.ActiveCfg = Release|Any CPU
		{204ED1AB-4EA5-450D-9BD5-68E2F51A3E22}.Release|Any CPU.Build.0 = Release|Any CPU
		{44BAEF77-A1FB-4301-B22C-8654C5EB9B05}.Debug|Any CPU.ActiveCfg = Debug|Any CPU
		{44BAEF77-A1FB-4301-B22C-8654C5EB9B05}.Debug|Any CPU.Build.0 = Debug|Any CPU
		{44BAEF77-A1FB-4301-B22C-8654C5EB9B05}.Release|Any CPU.ActiveCfg = Release|Any CPU
		{44BAEF77-A1FB-4301-B22C-8654C5EB9B05}.Release|Any CPU.Build.0 = Release|Any CPU
		{7C2EFE05-D0C1-4950-887B-BA41582E8CA4}.Debug|Any CPU.ActiveCfg = Debug|Any CPU
		{7C2EFE05-D0C1-4950-887B-BA41582E8CA4}.Debug|Any CPU.Build.0 = Debug|Any CPU
		{7C2EFE05-D0C1-4950-887B-BA41582E8CA4}.Release|Any CPU.ActiveCfg = Release|Any CPU
		{7C2EFE05-D0C1-4950-887B-BA41582E8CA4}.Release|Any CPU.Build.0 = Release|Any CPU
		{C079A9FB-9780-463D-919B-0E807E18E407}.Debug|Any CPU.ActiveCfg = Debug|Any CPU
		{C079A9FB-9780-463D-919B-0E807E18E407}.Debug|Any CPU.Build.0 = Debug|Any CPU
		{C079A9FB-9780-463D-919B-0E807E18E407}.Release|Any CPU.ActiveCfg = Release|Any CPU
		{C079A9FB-9780-463D-919B-0E807E18E407}.Release|Any CPU.Build.0 = Release|Any CPU
		{45F6E528-6863-4680-8B18-4A562DF2D9CD}.Debug|Any CPU.ActiveCfg = Debug|Any CPU
		{45F6E528-6863-4680-8B18-4A562DF2D9CD}.Debug|Any CPU.Build.0 = Debug|Any CPU
		{45F6E528-6863-4680-8B18-4A562DF2D9CD}.Release|Any CPU.ActiveCfg = Release|Any CPU
		{45F6E528-6863-4680-8B18-4A562DF2D9CD}.Release|Any CPU.Build.0 = Release|Any CPU
		{7039FCA1-7EF6-4CDF-AA19-A92147381B46}.Debug|Any CPU.ActiveCfg = Debug|Any CPU
		{7039FCA1-7EF6-4CDF-AA19-A92147381B46}.Debug|Any CPU.Build.0 = Debug|Any CPU
		{7039FCA1-7EF6-4CDF-AA19-A92147381B46}.Release|Any CPU.ActiveCfg = Release|Any CPU
		{7039FCA1-7EF6-4CDF-AA19-A92147381B46}.Release|Any CPU.Build.0 = Release|Any CPU
		{30331F9C-CBF8-4D01-BB6A-5956EE8BCD9E}.Debug|Any CPU.ActiveCfg = Debug|Any CPU
		{30331F9C-CBF8-4D01-BB6A-5956EE8BCD9E}.Debug|Any CPU.Build.0 = Debug|Any CPU
		{30331F9C-CBF8-4D01-BB6A-5956EE8BCD9E}.Release|Any CPU.ActiveCfg = Release|Any CPU
		{30331F9C-CBF8-4D01-BB6A-5956EE8BCD9E}.Release|Any CPU.Build.0 = Release|Any CPU
		{A895387F-BE0D-47A5-92A3-609BB059587E}.Debug|Any CPU.ActiveCfg = Debug|Any CPU
		{A895387F-BE0D-47A5-92A3-609BB059587E}.Debug|Any CPU.Build.0 = Debug|Any CPU
		{A895387F-BE0D-47A5-92A3-609BB059587E}.Release|Any CPU.ActiveCfg = Release|Any CPU
		{A895387F-BE0D-47A5-92A3-609BB059587E}.Release|Any CPU.Build.0 = Release|Any CPU
		{D36F3E83-081A-4699-A53B-81BF3DA33B15}.Debug|Any CPU.ActiveCfg = Debug|Any CPU
		{D36F3E83-081A-4699-A53B-81BF3DA33B15}.Debug|Any CPU.Build.0 = Debug|Any CPU
		{D36F3E83-081A-4699-A53B-81BF3DA33B15}.Release|Any CPU.ActiveCfg = Release|Any CPU
		{D36F3E83-081A-4699-A53B-81BF3DA33B15}.Release|Any CPU.Build.0 = Release|Any CPU
		{4D103C0F-F0D8-42F6-9A18-E59F8060B5E5}.Debug|Any CPU.ActiveCfg = Debug|Any CPU
		{4D103C0F-F0D8-42F6-9A18-E59F8060B5E5}.Debug|Any CPU.Build.0 = Debug|Any CPU
		{4D103C0F-F0D8-42F6-9A18-E59F8060B5E5}.Release|Any CPU.ActiveCfg = Release|Any CPU
		{4D103C0F-F0D8-42F6-9A18-E59F8060B5E5}.Release|Any CPU.Build.0 = Release|Any CPU
		{ECE0056C-11DB-4BA6-B963-39DA62201527}.Debug|Any CPU.ActiveCfg = Debug|Any CPU
		{ECE0056C-11DB-4BA6-B963-39DA62201527}.Debug|Any CPU.Build.0 = Debug|Any CPU
		{ECE0056C-11DB-4BA6-B963-39DA62201527}.Release|Any CPU.ActiveCfg = Release|Any CPU
		{ECE0056C-11DB-4BA6-B963-39DA62201527}.Release|Any CPU.Build.0 = Release|Any CPU
	EndGlobalSection
	GlobalSection(SolutionProperties) = preSolution
		HideSolutionNode = FALSE
	EndGlobalSection
	GlobalSection(NestedProjects) = preSolution
		{B153D273-83D4-4814-A6B8-B9BDFF899A69} = {A514E63C-8801-429A-9048-8E5E2D466FA9}
		{204ED1AB-4EA5-450D-9BD5-68E2F51A3E22} = {A514E63C-8801-429A-9048-8E5E2D466FA9}
		{44BAEF77-A1FB-4301-B22C-8654C5EB9B05} = {A514E63C-8801-429A-9048-8E5E2D466FA9}
		{7C2EFE05-D0C1-4950-887B-BA41582E8CA4} = {89FF85C7-A1EA-4738-A7E3-45489C427C42}
		{C079A9FB-9780-463D-919B-0E807E18E407} = {89FF85C7-A1EA-4738-A7E3-45489C427C42}
		{45F6E528-6863-4680-8B18-4A562DF2D9CD} = {89FF85C7-A1EA-4738-A7E3-45489C427C42}
		{7039FCA1-7EF6-4CDF-AA19-A92147381B46} = {EC3E42E1-5BDC-4026-82D0-0FDFA39F2595}
		{30331F9C-CBF8-4D01-BB6A-5956EE8BCD9E} = {EC3E42E1-5BDC-4026-82D0-0FDFA39F2595}
		{A895387F-BE0D-47A5-92A3-609BB059587E} = {EC3E42E1-5BDC-4026-82D0-0FDFA39F2595}
		{D36F3E83-081A-4699-A53B-81BF3DA33B15} = {AA14F983-9749-46E4-BEE4-C1000949BA44}
		{4D103C0F-F0D8-42F6-9A18-E59F8060B5E5} = {AA14F983-9749-46E4-BEE4-C1000949BA44}
		{ECE0056C-11DB-4BA6-B963-39DA62201527} = {AA14F983-9749-46E4-BEE4-C1000949BA44}
	EndGlobalSection
	GlobalSection(ExtensibilityGlobals) = postSolution
		SolutionGuid = {74A6B859-16C9-4C39-908A-6519AD5F8190}
	EndGlobalSection
EndGlobal
